version = 1
revision = 2
requires-python = ">=3.13"

[[package]]
name = "colorama"
version = "0.4.6"
source = { registry = "https://pypi.org/simple" }
sdist = { url = "https://files.pythonhosted.org/packages/d8/53/6f443c9a4a8358a93a6792e2acffb9d9d5cb0a5cfd8802644b7b1c9a02e4/colorama-0.4.6.tar.gz", hash = "sha256:08695f5cb7ed6e0531a20572697297273c47b8cae5a63ffc6d6ed5c201be6e44", size = 27697, upload-time = "2022-10-25T02:36:22.414Z" }
wheels = [
    { url = "https://files.pythonhosted.org/packages/d1/d6/3965ed04c63042e047cb6a3e6ed1a63a35087b6a609aa3a15ed8ac56c221/colorama-0.4.6-py2.py3-none-any.whl", hash = "sha256:4f1d9991f5acc0ca119f9d443620b77f9d6b33703e51011c16baf57afb285fc6", size = 25335, upload-time = "2022-10-25T02:36:20.889Z" },
]

[[package]]
name = "shell-tools"
version = "0.1.0"
source = { virtual = "." }
dependencies = [
    { name = "colorama" },
    { name = "zfslib" },
]

[package.metadata]
requires-dist = [
    { name = "colorama", specifier = ">=0.4.6" },
    { name = "zfslib", specifier = ">=0.13.2" },
]

[[package]]
name = "zfslib"
version = "0.13.2"
source = { registry = "https://pypi.org/simple" }
sdist = { url = "https://files.pythonhosted.org/packages/62/bf/463770473cecadfc3cb4c0e248b477f54779da30f69ae99e74aafeeba184/zfslib-0.13.2.tar.gz", hash = "sha256:bb350f00e8b1fb3e4c84559d91497bd80ba1dce34bb2d1b38db99ef7d2670f45", size = 15843, upload-time = "2024-05-28T15:22:23.852Z" }
wheels = [
    { url = "https://files.pythonhosted.org/packages/49/6f/38a2cfd1dc504805a8017a6423f634fd8323d1be3bb6bcc4f6f8ea0d71a2/zfslib-0.13.2-py3-none-any.whl", hash = "sha256:18e53738ee97405cfd21dd35d3cba5dfeed08af29bc5cf96a32b7d85cac0304f", size = 15300, upload-time = "2024-05-28T15:22:22.682Z" },
]
